
Microsoft Visual Studio Solution File, Format Version 12.00
# Visual Studio Version 16
VisualStudioVersion = 16.0.31205.134
MinimumVisualStudioVersion = 10.0.40219.1
Project("{FAE04EC0-301F-11D3-BF4B-00C04F79EFBC}") = "ProjectFinal", "ProjectFinal\ProjectFinal.csproj", "{C6CA518A-2F40-4841-BF6E-451A7148BDC8}"
EndProject
Global
	GlobalSection(SolutionConfigurationPlatforms) = preSolution
		Debug|Any CPU = Debug|Any CPU
		Release|Any CPU = Release|Any CPU
	EndGlobalSection
	GlobalSection(ProjectConfigurationPlatforms) = postSolution
		{C6CA518A-2F40-4841-BF6E-451A7148BDC8}.Debug|Any CPU.ActiveCfg = Debug|Any CPU
		{C6CA518A-2F40-4841-BF6E-451A7148BDC8}.Debug|Any CPU.Build.0 = Debug|Any CPU
		{C6CA518A-2F40-4841-BF6E-451A7148BDC8}.Release|Any CPU.ActiveCfg = Release|Any CPU
		{C6CA518A-2F40-4841-BF6E-451A7148BDC8}.Release|Any CPU.Build.0 = Release|Any CPU
	EndGlobalSection
	GlobalSection(SolutionProperties) = preSolution
		HideSolutionNode = FALSE
	EndGlobalSection
	GlobalSection(ExtensibilityGlobals) = postSolution
		SolutionGuid = {63C663DC-514F-41B3-A054-FEA487EE3785}
	EndGlobalSection
EndGlobal
